
Microsoft Visual Studio Solution File, Format Version 12.00
# Visual Studio Version 17
VisualStudioVersion = 17.9.34728.123
MinimumVisualStudioVersion = 10.0.40219.1
Project("{FAE04EC0-301F-11D3-BF4B-00C04F79EFBC}") = "QLyNhaThuoc", "QLyNhaThuoc.csproj", "{1477B0BC-BB26-4169-BA14-9C1DD1777656}"
EndProject
Global
	GlobalSection(SolutionConfigurationPlatforms) = preSolution
		Debug|Any CPU = Debug|Any CPU
		Release|Any CPU = Release|Any CPU
	EndGlobalSection
	GlobalSection(ProjectConfigurationPlatforms) = postSolution
		{1477B0BC-BB26-4169-BA14-9C1DD1777656}.Debug|Any CPU.ActiveCfg = Debug|Any CPU
		{1477B0BC-BB26-4169-BA14-9C1DD1777656}.Release|Any CPU.ActiveCfg = Release|Any CPU
		{1477B0BC-BB26-4169-BA14-9C1DD1777656}.Release|Any CPU.Build.0 = Release|Any CPU
	EndGlobalSection
	GlobalSection(SolutionProperties) = preSolution
		HideSolutionNode = FALSE
	EndGlobalSection
	GlobalSection(ExtensibilityGlobals) = postSolution
		SolutionGuid = {E130AF24-783B-4C44-B36A-1154665616A8}
	EndGlobalSection
EndGlobal
